// !$*UTF8*$!
{
	archiveVersion = 1;
	classes = {
	};
	objectVersion = 46;
	objects = {

/* Begin PBXBuildFile section */
		933978B718EA501F00891457 /* Foundation.framework in Frameworks */ = {isa = PBXBuildFile; fileRef = 933978B618EA501F00891457 /* Foundation.framework */; };
		933978B918EA501F00891457 /* CoreGraphics.framework in Frameworks */ = {isa = PBXBuildFile; fileRef = 933978B818EA501F00891457 /* CoreGraphics.framework */; };
		933978BB18EA501F00891457 /* UIKit.framework in Frameworks */ = {isa = PBXBuildFile; fileRef = 933978BA18EA501F00891457 /* UIKit.framework */; };
		933978C118EA501F00891457 /* InfoPlist.strings in Resources */ = {isa = PBXBuildFile; fileRef = 933978BF18EA501F00891457 /* InfoPlist.strings */; };
		933978C318EA501F00891457 /* main.m in Sources */ = {isa = PBXBuildFile; fileRef = 933978C218EA501F00891457 /* main.m */; };
		933978CF18EA501F00891457 /* Images.xcassets in Resources */ = {isa = PBXBuildFile; fileRef = 933978CE18EA501F00891457 /* Images.xcassets */; };
		933978D618EA501F00891457 /* XCTest.framework in Frameworks */ = {isa = PBXBuildFile; fileRef = 933978D518EA501F00891457 /* XCTest.framework */; };
		933978D718EA501F00891457 /* Foundation.framework in Frameworks */ = {isa = PBXBuildFile; fileRef = 933978B618EA501F00891457 /* Foundation.framework */; };
		933978D818EA501F00891457 /* UIKit.framework in Frameworks */ = {isa = PBXBuildFile; fileRef = 933978BA18EA501F00891457 /* UIKit.framework */; };
		933978E018EA501F00891457 /* InfoPlist.strings in Resources */ = {isa = PBXBuildFile; fileRef = 933978DE18EA501F00891457 /* InfoPlist.strings */; };
		933978E218EA501F00891457 /* GhostPost_iOSTests.m in Sources */ = {isa = PBXBuildFile; fileRef = 933978E118EA501F00891457 /* GhostPost_iOSTests.m */; };
		933978F818EA504100891457 /* GhostPostCoreDataModel.xcdatamodeld in Sources */ = {isa = PBXBuildFile; fileRef = 933978EC18EA504100891457 /* GhostPostCoreDataModel.xcdatamodeld */; };
		933978F918EA504100891457 /* JMSEntryStore.m in Sources */ = {isa = PBXBuildFile; fileRef = 933978EF18EA504100891457 /* JMSEntryStore.m */; };
		933978FA18EA504100891457 /* JMSGhostEntry.m in Sources */ = {isa = PBXBuildFile; fileRef = 933978F118EA504100891457 /* JMSGhostEntry.m */; };
		933978FB18EA504100891457 /* JMSManagedObject.m in Sources */ = {isa = PBXBuildFile; fileRef = 933978F318EA504100891457 /* JMSManagedObject.m */; };
		933978FC18EA504100891457 /* JMSManagedObjectContext.m in Sources */ = {isa = PBXBuildFile; fileRef = 933978F518EA504100891457 /* JMSManagedObjectContext.m */; };
		933978FD18EA504100891457 /* JMSSettingsController.m in Sources */ = {isa = PBXBuildFile; fileRef = 933978F718EA504100891457 /* JMSSettingsController.m */; };
		933978FF18EA506D00891457 /* Main.storyboard in Resources */ = {isa = PBXBuildFile; fileRef = 933978FE18EA506D00891457 /* Main.storyboard */; };
		9339791218EA507E00891457 /* JKSMarkdownDocument.m in Sources */ = {isa = PBXBuildFile; fileRef = 9339790218EA507D00891457 /* JKSMarkdownDocument.m */; };
		9339791318EA507E00891457 /* autolink.c in Sources */ = {isa = PBXBuildFile; fileRef = 9339790418EA507D00891457 /* autolink.c */; };
		9339791418EA507E00891457 /* buffer.c in Sources */ = {isa = PBXBuildFile; fileRef = 9339790618EA507D00891457 /* buffer.c */; };
		9339791518EA507E00891457 /* escape.c in Sources */ = {isa = PBXBuildFile; fileRef = 9339790818EA507E00891457 /* escape.c */; };
		9339791618EA507E00891457 /* html.c in Sources */ = {isa = PBXBuildFile; fileRef = 9339790A18EA507E00891457 /* html.c */; };
		9339791718EA507E00891457 /* html_blocks.c in Sources */ = {isa = PBXBuildFile; fileRef = 9339790C18EA507E00891457 /* html_blocks.c */; };
		9339791818EA507E00891457 /* html_smartypants.c in Sources */ = {isa = PBXBuildFile; fileRef = 9339790D18EA507E00891457 /* html_smartypants.c */; };
		9339791918EA507E00891457 /* markdown.c in Sources */ = {isa = PBXBuildFile; fileRef = 9339790E18EA507E00891457 /* markdown.c */; };
		9339791A18EA507E00891457 /* stack.c in Sources */ = {isa = PBXBuildFile; fileRef = 9339791018EA507E00891457 /* stack.c */; };
		9339792418EA508A00891457 /* JMSEditDraftViewController.m in Sources */ = {isa = PBXBuildFile; fileRef = 9339791D18EA508A00891457 /* JMSEditDraftViewController.m */; };
		9339792518EA508A00891457 /* JMSEntryListViewController.m in Sources */ = {isa = PBXBuildFile; fileRef = 9339791F18EA508A00891457 /* JMSEntryListViewController.m */; };
		9339792618EA508A00891457 /* JMSEntryPreviewViewController.m in Sources */ = {isa = PBXBuildFile; fileRef = 9339792118EA508A00891457 /* JMSEntryPreviewViewController.m */; };
		9339792718EA508A00891457 /* JMSSettingsTableViewController.m in Sources */ = {isa = PBXBuildFile; fileRef = 9339792318EA508A00891457 /* JMSSettingsTableViewController.m */; };
		9339792A18EA509100891457 /* JMSAppDelegate.m in Sources */ = {isa = PBXBuildFile; fileRef = 9339792918EA509100891457 /* JMSAppDelegate.m */; };
/* End PBXBuildFile section */

/* Begin PBXContainerItemProxy section */
		933978D918EA501F00891457 /* PBXContainerItemProxy */ = {
			isa = PBXContainerItemProxy;
			containerPortal = 933978AB18EA501F00891457 /* Project object */;
			proxyType = 1;
			remoteGlobalIDString = 933978B218EA501F00891457;
			remoteInfo = "GhostPost-iOS";
		};
/* End PBXContainerItemProxy section */

/* Begin PBXFileReference section */
		933978B318EA501F00891457 /* GhostPost-iOS.app */ = {isa = PBXFileReference; explicitFileType = wrapper.application; includeInIndex = 0; path = "GhostPost-iOS.app"; sourceTree = BUILT_PRODUCTS_DIR; };
		933978B618EA501F00891457 /* Foundation.framework */ = {isa = PBXFileReference; lastKnownFileType = wrapper.framework; name = Foundation.framework; path = System/Library/Frameworks/Foundation.framework; sourceTree = SDKROOT; };
		933978B818EA501F00891457 /* CoreGraphics.framework */ = {isa = PBXFileReference; lastKnownFileType = wrapper.framework; name = CoreGraphics.framework; path = System/Library/Frameworks/CoreGraphics.framework; sourceTree = SDKROOT; };
		933978BA18EA501F00891457 /* UIKit.framework */ = {isa = PBXFileReference; lastKnownFileType = wrapper.framework; name = UIKit.framework; path = System/Library/Frameworks/UIKit.framework; sourceTree = SDKROOT; };
		933978BE18EA501F00891457 /* GhostPost-iOS-Info.plist */ = {isa = PBXFileReference; lastKnownFileType = text.plist.xml; path = "GhostPost-iOS-Info.plist"; sourceTree = "<group>"; };
		933978C018EA501F00891457 /* en */ = {isa = PBXFileReference; lastKnownFileType = text.plist.strings; name = en; path = en.lproj/InfoPlist.strings; sourceTree = "<group>"; };
		933978C218EA501F00891457 /* main.m */ = {isa = PBXFileReference; lastKnownFileType = sourcecode.c.objc; path = main.m; sourceTree = "<group>"; };
		933978C418EA501F00891457 /* GhostPost-iOS-Prefix.pch */ = {isa = PBXFileReference; lastKnownFileType = sourcecode.c.h; path = "GhostPost-iOS-Prefix.pch"; sourceTree = "<group>"; };
		933978CE18EA501F00891457 /* Images.xcassets */ = {isa = PBXFileReference; lastKnownFileType = folder.assetcatalog; path = Images.xcassets; sourceTree = "<group>"; };
		933978D418EA501F00891457 /* GhostPost-iOSTests.xctest */ = {isa = PBXFileReference; explicitFileType = wrapper.cfbundle; includeInIndex = 0; path = "GhostPost-iOSTests.xctest"; sourceTree = BUILT_PRODUCTS_DIR; };
		933978D518EA501F00891457 /* XCTest.framework */ = {isa = PBXFileReference; lastKnownFileType = wrapper.framework; name = XCTest.framework; path = Library/Frameworks/XCTest.framework; sourceTree = DEVELOPER_DIR; };
		933978DD18EA501F00891457 /* GhostPost-iOSTests-Info.plist */ = {isa = PBXFileReference; lastKnownFileType = text.plist.xml; path = "GhostPost-iOSTests-Info.plist"; sourceTree = "<group>"; };
		933978DF18EA501F00891457 /* en */ = {isa = PBXFileReference; lastKnownFileType = text.plist.strings; name = en; path = en.lproj/InfoPlist.strings; sourceTree = "<group>"; };
		933978E118EA501F00891457 /* GhostPost_iOSTests.m */ = {isa = PBXFileReference; lastKnownFileType = sourcecode.c.objc; path = GhostPost_iOSTests.m; sourceTree = "<group>"; };
		933978ED18EA504100891457 /* GhostPostCoreDataModel.xcdatamodel */ = {isa = PBXFileReference; lastKnownFileType = wrapper.xcdatamodel; path = GhostPostCoreDataModel.xcdatamodel; sourceTree = "<group>"; };
		933978EE18EA504100891457 /* JMSEntryStore.h */ = {isa = PBXFileReference; fileEncoding = 4; lastKnownFileType = sourcecode.c.h; path = JMSEntryStore.h; sourceTree = "<group>"; };
		933978EF18EA504100891457 /* JMSEntryStore.m */ = {isa = PBXFileReference; fileEncoding = 4; lastKnownFileType = sourcecode.c.objc; path = JMSEntryStore.m; sourceTree = "<group>"; };
		933978F018EA504100891457 /* JMSGhostEntry.h */ = {isa = PBXFileReference; fileEncoding = 4; lastKnownFileType = sourcecode.c.h; path = JMSGhostEntry.h; sourceTree = "<group>"; };
		933978F118EA504100891457 /* JMSGhostEntry.m */ = {isa = PBXFileReference; fileEncoding = 4; lastKnownFileType = sourcecode.c.objc; path = JMSGhostEntry.m; sourceTree = "<group>"; };
		933978F218EA504100891457 /* JMSManagedObject.h */ = {isa = PBXFileReference; fileEncoding = 4; lastKnownFileType = sourcecode.c.h; path = JMSManagedObject.h; sourceTree = "<group>"; };
		933978F318EA504100891457 /* JMSManagedObject.m */ = {isa = PBXFileReference; fileEncoding = 4; lastKnownFileType = sourcecode.c.objc; path = JMSManagedObject.m; sourceTree = "<group>"; };
		933978F418EA504100891457 /* JMSManagedObjectContext.h */ = {isa = PBXFileReference; fileEncoding = 4; lastKnownFileType = sourcecode.c.h; path = JMSManagedObjectContext.h; sourceTree = "<group>"; };
		933978F518EA504100891457 /* JMSManagedObjectContext.m */ = {isa = PBXFileReference; fileEncoding = 4; lastKnownFileType = sourcecode.c.objc; path = JMSManagedObjectContext.m; sourceTree = "<group>"; };
		933978F618EA504100891457 /* JMSSettingsController.h */ = {isa = PBXFileReference; fileEncoding = 4; lastKnownFileType = sourcecode.c.h; path = JMSSettingsController.h; sourceTree = "<group>"; };
		933978F718EA504100891457 /* JMSSettingsController.m */ = {isa = PBXFileReference; fileEncoding = 4; lastKnownFileType = sourcecode.c.objc; path = JMSSettingsController.m; sourceTree = "<group>"; };
		933978FE18EA506D00891457 /* Main.storyboard */ = {isa = PBXFileReference; fileEncoding = 4; lastKnownFileType = file.storyboard; path = Main.storyboard; sourceTree = "<group>"; };
		9339790118EA507D00891457 /* JKSMarkdownDocument.h */ = {isa = PBXFileReference; fileEncoding = 4; lastKnownFileType = sourcecode.c.h; path = JKSMarkdownDocument.h; sourceTree = "<group>"; };
		9339790218EA507D00891457 /* JKSMarkdownDocument.m */ = {isa = PBXFileReference; fileEncoding = 4; lastKnownFileType = sourcecode.c.objc; path = JKSMarkdownDocument.m; sourceTree = "<group>"; };
		9339790418EA507D00891457 /* autolink.c */ = {isa = PBXFileReference; fileEncoding = 4; lastKnownFileType = sourcecode.c.c; path = autolink.c; sourceTree = "<group>"; };
		9339790518EA507D00891457 /* autolink.h */ = {isa = PBXFileReference; fileEncoding = 4; lastKnownFileType = sourcecode.c.h; path = autolink.h; sourceTree = "<group>"; };
		9339790618EA507D00891457 /* buffer.c */ = {isa = PBXFileReference; fileEncoding = 4; lastKnownFileType = sourcecode.c.c; path = buffer.c; sourceTree = "<group>"; };
		9339790718EA507E00891457 /* buffer.h */ = {isa = PBXFileReference; fileEncoding = 4; lastKnownFileType = sourcecode.c.h; path = buffer.h; sourceTree = "<group>"; };
		9339790818EA507E00891457 /* escape.c */ = {isa = PBXFileReference; fileEncoding = 4; lastKnownFileType = sourcecode.c.c; path = escape.c; sourceTree = "<group>"; };
		9339790918EA507E00891457 /* escape.h */ = {isa = PBXFileReference; fileEncoding = 4; lastKnownFileType = sourcecode.c.h; path = escape.h; sourceTree = "<group>"; };
		9339790A18EA507E00891457 /* html.c */ = {isa = PBXFileReference; fileEncoding = 4; lastKnownFileType = sourcecode.c.c; path = html.c; sourceTree = "<group>"; };
		9339790B18EA507E00891457 /* html.h */ = {isa = PBXFileReference; fileEncoding = 4; lastKnownFileType = sourcecode.c.h; path = html.h; sourceTree = "<group>"; };
		9339790C18EA507E00891457 /* html_blocks.c */ = {isa = PBXFileReference; fileEncoding = 4; lastKnownFileType = sourcecode.c.c; path = html_blocks.c; sourceTree = "<group>"; };
		9339790D18EA507E00891457 /* html_smartypants.c */ = {isa = PBXFileReference; fileEncoding = 4; lastKnownFileType = sourcecode.c.c; path = html_smartypants.c; sourceTree = "<group>"; };
		9339790E18EA507E00891457 /* markdown.c */ = {isa = PBXFileReference; fileEncoding = 4; lastKnownFileType = sourcecode.c.c; path = markdown.c; sourceTree = "<group>"; };
		9339790F18EA507E00891457 /* markdown.h */ = {isa = PBXFileReference; fileEncoding = 4; lastKnownFileType = sourcecode.c.h; path = markdown.h; sourceTree = "<group>"; };
		9339791018EA507E00891457 /* stack.c */ = {isa = PBXFileReference; fileEncoding = 4; lastKnownFileType = sourcecode.c.c; path = stack.c; sourceTree = "<group>"; };
		9339791118EA507E00891457 /* stack.h */ = {isa = PBXFileReference; fileEncoding = 4; lastKnownFileType = sourcecode.c.h; path = stack.h; sourceTree = "<group>"; };
		9339791C18EA508A00891457 /* JMSEditDraftViewController.h */ = {isa = PBXFileReference; fileEncoding = 4; lastKnownFileType = sourcecode.c.h; path = JMSEditDraftViewController.h; sourceTree = "<group>"; };
		9339791D18EA508A00891457 /* JMSEditDraftViewController.m */ = {isa = PBXFileReference; fileEncoding = 4; lastKnownFileType = sourcecode.c.objc; path = JMSEditDraftViewController.m; sourceTree = "<group>"; };
		9339791E18EA508A00891457 /* JMSEntryListViewController.h */ = {isa = PBXFileReference; fileEncoding = 4; lastKnownFileType = sourcecode.c.h; path = JMSEntryListViewController.h; sourceTree = "<group>"; };
		9339791F18EA508A00891457 /* JMSEntryListViewController.m */ = {isa = PBXFileReference; fileEncoding = 4; lastKnownFileType = sourcecode.c.objc; path = JMSEntryListViewController.m; sourceTree = "<group>"; };
		9339792018EA508A00891457 /* JMSEntryPreviewViewController.h */ = {isa = PBXFileReference; fileEncoding = 4; lastKnownFileType = sourcecode.c.h; path = JMSEntryPreviewViewController.h; sourceTree = "<group>"; };
		9339792118EA508A00891457 /* JMSEntryPreviewViewController.m */ = {isa = PBXFileReference; fileEncoding = 4; lastKnownFileType = sourcecode.c.objc; path = JMSEntryPreviewViewController.m; sourceTree = "<group>"; };
		9339792218EA508A00891457 /* JMSSettingsTableViewController.h */ = {isa = PBXFileReference; fileEncoding = 4; lastKnownFileType = sourcecode.c.h; path = JMSSettingsTableViewController.h; sourceTree = "<group>"; };
		9339792318EA508A00891457 /* JMSSettingsTableViewController.m */ = {isa = PBXFileReference; fileEncoding = 4; lastKnownFileType = sourcecode.c.objc; path = JMSSettingsTableViewController.m; sourceTree = "<group>"; };
		9339792818EA509100891457 /* JMSAppDelegate.h */ = {isa = PBXFileReference; fileEncoding = 4; lastKnownFileType = sourcecode.c.h; path = JMSAppDelegate.h; sourceTree = "<group>"; };
		9339792918EA509100891457 /* JMSAppDelegate.m */ = {isa = PBXFileReference; fileEncoding = 4; lastKnownFileType = sourcecode.c.objc; path = JMSAppDelegate.m; sourceTree = "<group>"; };
/* End PBXFileReference section */

/* Begin PBXFrameworksBuildPhase section */
		933978B018EA501F00891457 /* Frameworks */ = {
			isa = PBXFrameworksBuildPhase;
			buildActionMask = 2147483647;
			files = (
				933978B918EA501F00891457 /* CoreGraphics.framework in Frameworks */,
				933978BB18EA501F00891457 /* UIKit.framework in Frameworks */,
				933978B718EA501F00891457 /* Foundation.framework in Frameworks */,
			);
			runOnlyForDeploymentPostprocessing = 0;
		};
		933978D118EA501F00891457 /* Frameworks */ = {
			isa = PBXFrameworksBuildPhase;
			buildActionMask = 2147483647;
			files = (
				933978D618EA501F00891457 /* XCTest.framework in Frameworks */,
				933978D818EA501F00891457 /* UIKit.framework in Frameworks */,
				933978D718EA501F00891457 /* Foundation.framework in Frameworks */,
			);
			runOnlyForDeploymentPostprocessing = 0;
		};
/* End PBXFrameworksBuildPhase section */

/* Begin PBXGroup section */
		933978AA18EA501F00891457 = {
			isa = PBXGroup;
			children = (
				933978BC18EA501F00891457 /* GhostPost-iOS */,
				933978DB18EA501F00891457 /* GhostPost-iOSTests */,
				933978B518EA501F00891457 /* Frameworks */,
				933978B418EA501F00891457 /* Products */,
			);
			sourceTree = "<group>";
		};
		933978B418EA501F00891457 /* Products */ = {
			isa = PBXGroup;
			children = (
				933978B318EA501F00891457 /* GhostPost-iOS.app */,
				933978D418EA501F00891457 /* GhostPost-iOSTests.xctest */,
			);
			name = Products;
			sourceTree = "<group>";
		};
		933978B518EA501F00891457 /* Frameworks */ = {
			isa = PBXGroup;
			children = (
				933978B618EA501F00891457 /* Foundation.framework */,
				933978B818EA501F00891457 /* CoreGraphics.framework */,
				933978BA18EA501F00891457 /* UIKit.framework */,
				933978D518EA501F00891457 /* XCTest.framework */,
			);
			name = Frameworks;
			sourceTree = "<group>";
		};
		933978BC18EA501F00891457 /* GhostPost-iOS */ = {
			isa = PBXGroup;
			children = (
				9339792818EA509100891457 /* JMSAppDelegate.h */,
				9339792918EA509100891457 /* JMSAppDelegate.m */,
				933978FE18EA506D00891457 /* Main.storyboard */,
				9339791B18EA508A00891457 /* View Controllers */,
				933978CE18EA501F00891457 /* Images.xcassets */,
				933978EB18EA504100891457 /* Model */,
				933978BD18EA501F00891457 /* Supporting Files */,
			);
			path = "GhostPost-iOS";
			sourceTree = "<group>";
		};
		933978BD18EA501F00891457 /* Supporting Files */ = {
			isa = PBXGroup;
			children = (
				9339790018EA507D00891457 /* CocoaHoedown */,
				9339790318EA507D00891457 /* hoedown */,
				933978BE18EA501F00891457 /* GhostPost-iOS-Info.plist */,
				933978BF18EA501F00891457 /* InfoPlist.strings */,
				933978C218EA501F00891457 /* main.m */,
				933978C418EA501F00891457 /* GhostPost-iOS-Prefix.pch */,
			);
			name = "Supporting Files";
			sourceTree = "<group>";
		};
		933978DB18EA501F00891457 /* GhostPost-iOSTests */ = {
			isa = PBXGroup;
			children = (
				933978E118EA501F00891457 /* GhostPost_iOSTests.m */,
				933978DC18EA501F00891457 /* Supporting Files */,
			);
			path = "GhostPost-iOSTests";
			sourceTree = "<group>";
		};
		933978DC18EA501F00891457 /* Supporting Files */ = {
			isa = PBXGroup;
			children = (
				933978DD18EA501F00891457 /* GhostPost-iOSTests-Info.plist */,
				933978DE18EA501F00891457 /* InfoPlist.strings */,
			);
			name = "Supporting Files";
			sourceTree = "<group>";
		};
		933978EB18EA504100891457 /* Model */ = {
			isa = PBXGroup;
			children = (
				933978EC18EA504100891457 /* GhostPostCoreDataModel.xcdatamodeld */,
				933978EE18EA504100891457 /* JMSEntryStore.h */,
				933978EF18EA504100891457 /* JMSEntryStore.m */,
				933978F018EA504100891457 /* JMSGhostEntry.h */,
				933978F118EA504100891457 /* JMSGhostEntry.m */,
				933978F218EA504100891457 /* JMSManagedObject.h */,
				933978F318EA504100891457 /* JMSManagedObject.m */,
				933978F418EA504100891457 /* JMSManagedObjectContext.h */,
				933978F518EA504100891457 /* JMSManagedObjectContext.m */,
				933978F618EA504100891457 /* JMSSettingsController.h */,
				933978F718EA504100891457 /* JMSSettingsController.m */,
			);
			name = Model;
			path = ../../Shared;
			sourceTree = "<group>";
		};
		9339790018EA507D00891457 /* CocoaHoedown */ = {
			isa = PBXGroup;
			children = (
				9339790118EA507D00891457 /* JKSMarkdownDocument.h */,
				9339790218EA507D00891457 /* JKSMarkdownDocument.m */,
			);
			path = CocoaHoedown;
			sourceTree = "<group>";
		};
		9339790318EA507D00891457 /* hoedown */ = {
			isa = PBXGroup;
			children = (
				9339790418EA507D00891457 /* autolink.c */,
				9339790518EA507D00891457 /* autolink.h */,
				9339790618EA507D00891457 /* buffer.c */,
				9339790718EA507E00891457 /* buffer.h */,
				9339790818EA507E00891457 /* escape.c */,
				9339790918EA507E00891457 /* escape.h */,
				9339790A18EA507E00891457 /* html.c */,
				9339790B18EA507E00891457 /* html.h */,
				9339790C18EA507E00891457 /* html_blocks.c */,
				9339790D18EA507E00891457 /* html_smartypants.c */,
				9339790E18EA507E00891457 /* markdown.c */,
				9339790F18EA507E00891457 /* markdown.h */,
				9339791018EA507E00891457 /* stack.c */,
				9339791118EA507E00891457 /* stack.h */,
			);
			path = hoedown;
			sourceTree = "<group>";
		};
		9339791B18EA508A00891457 /* View Controllers */ = {
			isa = PBXGroup;
			children = (
				9339791E18EA508A00891457 /* JMSEntryListViewController.h */,
				9339791F18EA508A00891457 /* JMSEntryListViewController.m */,
				9339791C18EA508A00891457 /* JMSEditDraftViewController.h */,
				9339791D18EA508A00891457 /* JMSEditDraftViewController.m */,
				9339792018EA508A00891457 /* JMSEntryPreviewViewController.h */,
				9339792118EA508A00891457 /* JMSEntryPreviewViewController.m */,
				9339792218EA508A00891457 /* JMSSettingsTableViewController.h */,
				9339792318EA508A00891457 /* JMSSettingsTableViewController.m */,
			);
			path = "View Controllers";
			sourceTree = "<group>";
		};
/* End PBXGroup section */

/* Begin PBXNativeTarget section */
		933978B218EA501F00891457 /* GhostPost-iOS */ = {
			isa = PBXNativeTarget;
			buildConfigurationList = 933978E518EA501F00891457 /* Build configuration list for PBXNativeTarget "GhostPost-iOS" */;
			buildPhases = (
				933978AF18EA501F00891457 /* Sources */,
				933978B018EA501F00891457 /* Frameworks */,
				933978B118EA501F00891457 /* Resources */,
			);
			buildRules = (
			);
			dependencies = (
			);
			name = "GhostPost-iOS";
			productName = "GhostPost-iOS";
			productReference = 933978B318EA501F00891457 /* GhostPost-iOS.app */;
			productType = "com.apple.product-type.application";
		};
		933978D318EA501F00891457 /* GhostPost-iOSTests */ = {
			isa = PBXNativeTarget;
			buildConfigurationList = 933978E818EA501F00891457 /* Build configuration list for PBXNativeTarget "GhostPost-iOSTests" */;
			buildPhases = (
				933978D018EA501F00891457 /* Sources */,
				933978D118EA501F00891457 /* Frameworks */,
				933978D218EA501F00891457 /* Resources */,
			);
			buildRules = (
			);
			dependencies = (
				933978DA18EA501F00891457 /* PBXTargetDependency */,
			);
			name = "GhostPost-iOSTests";
			productName = "GhostPost-iOSTests";
			productReference = 933978D418EA501F00891457 /* GhostPost-iOSTests.xctest */;
			productType = "com.apple.product-type.bundle.unit-test";
		};
/* End PBXNativeTarget section */

/* Begin PBXProject section */
		933978AB18EA501F00891457 /* Project object */ = {
			isa = PBXProject;
			attributes = {
				CLASSPREFIX = JMS;
				LastUpgradeCheck = 0510;
				ORGANIZATIONNAME = jsorge;
				TargetAttributes = {
					933978D318EA501F00891457 = {
						TestTargetID = 933978B218EA501F00891457;
					};
				};
			};
			buildConfigurationList = 933978AE18EA501F00891457 /* Build configuration list for PBXProject "GhostPost-iOS" */;
			compatibilityVersion = "Xcode 3.2";
			developmentRegion = English;
			hasScannedForEncodings = 0;
			knownRegions = (
				en,
				Base,
			);
			mainGroup = 933978AA18EA501F00891457;
			productRefGroup = 933978B418EA501F00891457 /* Products */;
			projectDirPath = "";
			projectRoot = "";
			targets = (
				933978B218EA501F00891457 /* GhostPost-iOS */,
				933978D318EA501F00891457 /* GhostPost-iOSTests */,
			);
		};
/* End PBXProject section */

/* Begin PBXResourcesBuildPhase section */
		933978B118EA501F00891457 /* Resources */ = {
			isa = PBXResourcesBuildPhase;
			buildActionMask = 2147483647;
			files = (
				933978FF18EA506D00891457 /* Main.storyboard in Resources */,
				933978CF18EA501F00891457 /* Images.xcassets in Resources */,
				933978C118EA501F00891457 /* InfoPlist.strings in Resources */,
			);
			runOnlyForDeploymentPostprocessing = 0;
		};
		933978D218EA501F00891457 /* Resources */ = {
			isa = PBXResourcesBuildPhase;
			buildActionMask = 2147483647;
			files = (
				933978E018EA501F00891457 /* InfoPlist.strings in Resources */,
			);
			runOnlyForDeploymentPostprocessing = 0;
		};
/* End PBXResourcesBuildPhase section */

/* Begin PBXSourcesBuildPhase section */
		933978AF18EA501F00891457 /* Sources */ = {
			isa = PBXSourcesBuildPhase;
			buildActionMask = 2147483647;
			files = (
				933978FD18EA504100891457 /* JMSSettingsController.m in Sources */,
				9339792618EA508A00891457 /* JMSEntryPreviewViewController.m in Sources */,
				9339791918EA507E00891457 /* markdown.c in Sources */,
				933978C318EA501F00891457 /* main.m in Sources */,
				9339791518EA507E00891457 /* escape.c in Sources */,
				9339792418EA508A00891457 /* JMSEditDraftViewController.m in Sources */,
				9339791318EA507E00891457 /* autolink.c in Sources */,
				9339791418EA507E00891457 /* buffer.c in Sources */,
				9339791218EA507E00891457 /* JKSMarkdownDocument.m in Sources */,
				933978F818EA504100891457 /* GhostPostCoreDataModel.xcdatamodeld in Sources */,
				9339792A18EA509100891457 /* JMSAppDelegate.m in Sources */,
				933978F918EA504100891457 /* JMSEntryStore.m in Sources */,
				9339792518EA508A00891457 /* JMSEntryListViewController.m in Sources */,
				9339791618EA507E00891457 /* html.c in Sources */,
				9339791818EA507E00891457 /* html_smartypants.c in Sources */,
				933978FA18EA504100891457 /* JMSGhostEntry.m in Sources */,
				933978FB18EA504100891457 /* JMSManagedObject.m in Sources */,
				933978FC18EA504100891457 /* JMSManagedObjectContext.m in Sources */,
				9339791A18EA507E00891457 /* stack.c in Sources */,
				9339792718EA508A00891457 /* JMSSettingsTableViewController.m in Sources */,
				9339791718EA507E00891457 /* html_blocks.c in Sources */,
			);
			runOnlyForDeploymentPostprocessing = 0;
		};
		933978D018EA501F00891457 /* Sources */ = {
			isa = PBXSourcesBuildPhase;
			buildActionMask = 2147483647;
			files = (
				933978E218EA501F00891457 /* GhostPost_iOSTests.m in Sources */,
			);
			runOnlyForDeploymentPostprocessing = 0;
		};
/* End PBXSourcesBuildPhase section */

/* Begin PBXTargetDependency section */
		933978DA18EA501F00891457 /* PBXTargetDependency */ = {
			isa = PBXTargetDependency;
			target = 933978B218EA501F00891457 /* GhostPost-iOS */;
			targetProxy = 933978D918EA501F00891457 /* PBXContainerItemProxy */;
		};
/* End PBXTargetDependency section */

/* Begin PBXVariantGroup section */
		933978BF18EA501F00891457 /* InfoPlist.strings */ = {
			isa = PBXVariantGroup;
			children = (
				933978C018EA501F00891457 /* en */,
			);
			name = InfoPlist.strings;
			sourceTree = "<group>";
		};
		933978DE18EA501F00891457 /* InfoPlist.strings */ = {
			isa = PBXVariantGroup;
			children = (
				933978DF18EA501F00891457 /* en */,
			);
			name = InfoPlist.strings;
			sourceTree = "<group>";
		};
/* End PBXVariantGroup section */

/* Begin XCBuildConfiguration section */
		933978E318EA501F00891457 /* Debug */ = {
			isa = XCBuildConfiguration;
			buildSettings = {
				ALWAYS_SEARCH_USER_PATHS = NO;
				CLANG_CXX_LANGUAGE_STANDARD = "gnu++0x";
				CLANG_CXX_LIBRARY = "libc++";
				CLANG_ENABLE_MODULES = YES;
				CLANG_ENABLE_OBJC_ARC = YES;
				CLANG_WARN_BOOL_CONVERSION = YES;
				CLANG_WARN_CONSTANT_CONVERSION = YES;
				CLANG_WARN_DIRECT_OBJC_ISA_USAGE = YES_ERROR;
				CLANG_WARN_EMPTY_BODY = YES;
				CLANG_WARN_ENUM_CONVERSION = YES;
				CLANG_WARN_INT_CONVERSION = YES;
				CLANG_WARN_OBJC_ROOT_CLASS = YES_ERROR;
				CLANG_WARN__DUPLICATE_METHOD_MATCH = YES;
				"CODE_SIGN_IDENTITY[sdk=iphoneos*]" = "iPhone Developer";
				COPY_PHASE_STRIP = NO;
				GCC_C_LANGUAGE_STANDARD = gnu99;
				GCC_DYNAMIC_NO_PIC = NO;
				GCC_OPTIMIZATION_LEVEL = 0;
				GCC_PREPROCESSOR_DEFINITIONS = (
					"DEBUG=1",
					"$(inherited)",
				);
				GCC_SYMBOLS_PRIVATE_EXTERN = NO;
				GCC_WARN_64_TO_32_BIT_CONVERSION = YES;
				GCC_WARN_ABOUT_RETURN_TYPE = YES_ERROR;
				GCC_WARN_UNDECLARED_SELECTOR = YES;
				GCC_WARN_UNINITIALIZED_AUTOS = YES_AGGRESSIVE;
				GCC_WARN_UNUSED_FUNCTION = YES;
				GCC_WARN_UNUSED_VARIABLE = YES;
				IPHONEOS_DEPLOYMENT_TARGET = 7.1;
				ONLY_ACTIVE_ARCH = YES;
				SDKROOT = iphoneos;
			};
			name = Debug;
		};
		933978E418EA501F00891457 /* Release */ = {
			isa = XCBuildConfiguration;
			buildSettings = {
				ALWAYS_SEARCH_USER_PATHS = NO;
				CLANG_CXX_LANGUAGE_STANDARD = "gnu++0x";
				CLANG_CXX_LIBRARY = "libc++";
				CLANG_ENABLE_MODULES = YES;
				CLANG_ENABLE_OBJC_ARC = YES;
				CLANG_WARN_BOOL_CONVERSION = YES;
				CLANG_WARN_CONSTANT_CONVERSION = YES;
				CLANG_WARN_DIRECT_OBJC_ISA_USAGE = YES_ERROR;
				CLANG_WARN_EMPTY_BODY = YES;
				CLANG_WARN_ENUM_CONVERSION = YES;
				CLANG_WARN_INT_CONVERSION = YES;
				CLANG_WARN_OBJC_ROOT_CLASS = YES_ERROR;
				CLANG_WARN__DUPLICATE_METHOD_MATCH = YES;
				"CODE_SIGN_IDENTITY[sdk=iphoneos*]" = "iPhone Developer";
				COPY_PHASE_STRIP = YES;
				ENABLE_NS_ASSERTIONS = NO;
				GCC_C_LANGUAGE_STANDARD = gnu99;
				GCC_WARN_64_TO_32_BIT_CONVERSION = YES;
				GCC_WARN_ABOUT_RETURN_TYPE = YES_ERROR;
				GCC_WARN_UNDECLARED_SELECTOR = YES;
				GCC_WARN_UNINITIALIZED_AUTOS = YES_AGGRESSIVE;
				GCC_WARN_UNUSED_FUNCTION = YES;
				GCC_WARN_UNUSED_VARIABLE = YES;
				IPHONEOS_DEPLOYMENT_TARGET = 7.1;
				SDKROOT = iphoneos;
				VALIDATE_PRODUCT = YES;
			};
			name = Release;
		};
		933978E618EA501F00891457 /* Debug */ = {
			isa = XCBuildConfiguration;
			buildSettings = {
				ASSETCATALOG_COMPILER_APPICON_NAME = AppIcon;
				ASSETCATALOG_COMPILER_LAUNCHIMAGE_NAME = LaunchImage;
				GCC_PRECOMPILE_PREFIX_HEADER = YES;
				GCC_PREFIX_HEADER = "GhostPost-iOS/GhostPost-iOS-Prefix.pch";
				INFOPLIST_FILE = "GhostPost-iOS/GhostPost-iOS-Info.plist";
				PRODUCT_NAME = "$(TARGET_NAME)";
				WRAPPER_EXTENSION = app;
			};
			name = Debug;
		};
		933978E718EA501F00891457 /* Release */ = {
			isa = XCBuildConfiguration;
			buildSettings = {
				ASSETCATALOG_COMPILER_APPICON_NAME = AppIcon;
				ASSETCATALOG_COMPILER_LAUNCHIMAGE_NAME = LaunchImage;
				GCC_PRECOMPILE_PREFIX_HEADER = YES;
				GCC_PREFIX_HEADER = "GhostPost-iOS/GhostPost-iOS-Prefix.pch";
				INFOPLIST_FILE = "GhostPost-iOS/GhostPost-iOS-Info.plist";
				PRODUCT_NAME = "$(TARGET_NAME)";
				WRAPPER_EXTENSION = app;
			};
			name = Release;
		};
		933978E918EA501F00891457 /* Debug */ = {
			isa = XCBuildConfiguration;
			buildSettings = {
				BUNDLE_LOADER = "$(BUILT_PRODUCTS_DIR)/GhostPost-iOS.app/GhostPost-iOS";
				FRAMEWORK_SEARCH_PATHS = (
					"$(SDKROOT)/Developer/Library/Frameworks",
					"$(inherited)",
					"$(DEVELOPER_FRAMEWORKS_DIR)",
				);
				GCC_PRECOMPILE_PREFIX_HEADER = YES;
				GCC_PREFIX_HEADER = "GhostPost-iOS/GhostPost-iOS-Prefix.pch";
				GCC_PREPROCESSOR_DEFINITIONS = (
					"DEBUG=1",
					"$(inherited)",
				);
				INFOPLIST_FILE = "GhostPost-iOSTests/GhostPost-iOSTests-Info.plist";
				PRODUCT_NAME = "$(TARGET_NAME)";
				TEST_HOST = "$(BUNDLE_LOADER)";
				WRAPPER_EXTENSION = xctest;
			};
			name = Debug;
		};
		933978EA18EA501F00891457 /* Release */ = {
			isa = XCBuildConfiguration;
			buildSettings = {
				BUNDLE_LOADER = "$(BUILT_PRODUCTS_DIR)/GhostPost-iOS.app/GhostPost-iOS";
				FRAMEWORK_SEARCH_PATHS = (
					"$(SDKROOT)/Developer/Library/Frameworks",
					"$(inherited)",
					"$(DEVELOPER_FRAMEWORKS_DIR)",
				);
				GCC_PRECOMPILE_PREFIX_HEADER = YES;
				GCC_PREFIX_HEADER = "GhostPost-iOS/GhostPost-iOS-Prefix.pch";
				INFOPLIST_FILE = "GhostPost-iOSTests/GhostPost-iOSTests-Info.plist";
				PRODUCT_NAME = "$(TARGET_NAME)";
				TEST_HOST = "$(BUNDLE_LOADER)";
				WRAPPER_EXTENSION = xctest;
			};
			name = Release;
		};
/* End XCBuildConfiguration section */

/* Begin XCConfigurationList section */
		933978AE18EA501F00891457 /* Build configuration list for PBXProject "GhostPost-iOS" */ = {
			isa = XCConfigurationList;
			buildConfigurations = (
				933978E318EA501F00891457 /* Debug */,
				933978E418EA501F00891457 /* Release */,
			);
			defaultConfigurationIsVisible = 0;
			defaultConfigurationName = Release;
		};
		933978E518EA501F00891457 /* Build configuration list for PBXNativeTarget "GhostPost-iOS" */ = {
			isa = XCConfigurationList;
			buildConfigurations = (
				933978E618EA501F00891457 /* Debug */,
				933978E718EA501F00891457 /* Release */,
			);
			defaultConfigurationIsVisible = 0;
			defaultConfigurationName = Release;
		};
		933978E818EA501F00891457 /* Build configuration list for PBXNativeTarget "GhostPost-iOSTests" */ = {
			isa = XCConfigurationList;
			buildConfigurations = (
				933978E918EA501F00891457 /* Debug */,
				933978EA18EA501F00891457 /* Release */,
			);
			defaultConfigurationIsVisible = 0;
			defaultConfigurationName = Release;
		};
/* End XCConfigurationList section */

/* Begin XCVersionGroup section */
		933978EC18EA504100891457 /* GhostPostCoreDataModel.xcdatamodeld */ = {
			isa = XCVersionGroup;
			children = (
				933978ED18EA504100891457 /* GhostPostCoreDataModel.xcdatamodel */,
			);
			currentVersion = 933978ED18EA504100891457 /* GhostPostCoreDataModel.xcdatamodel */;
			path = GhostPostCoreDataModel.xcdatamodeld;
			sourceTree = "<group>";
			versionGroupType = wrapper.xcdatamodel;
		};
/* End XCVersionGroup section */
	};
	rootObject = 933978AB18EA501F00891457 /* Project object */;
}
