// !$*UTF8*$!
{
	archiveVersion = 1;
	classes = {
	};
	objectVersion = 46;
	objects = {

/* Begin PBXBuildFile section */
		9325E28F18ECA20100D076B9 /* Cocoa.framework in Frameworks */ = {isa = PBXBuildFile; fileRef = 9325E28E18ECA20100D076B9 /* Cocoa.framework */; };
		9325E29918ECA20100D076B9 /* InfoPlist.strings in Resources */ = {isa = PBXBuildFile; fileRef = 9325E29718ECA20100D076B9 /* InfoPlist.strings */; };
		9325E29B18ECA20100D076B9 /* main.m in Sources */ = {isa = PBXBuildFile; fileRef = 9325E29A18ECA20100D076B9 /* main.m */; };
		9325E29F18ECA20100D076B9 /* Credits.rtf in Resources */ = {isa = PBXBuildFile; fileRef = 9325E29D18ECA20100D076B9 /* Credits.rtf */; };
		9325E2A218ECA20100D076B9 /* JMSAppDelegate.m in Sources */ = {isa = PBXBuildFile; fileRef = 9325E2A118ECA20100D076B9 /* JMSAppDelegate.m */; };
		9325E2A518ECA20100D076B9 /* MainMenu.xib in Resources */ = {isa = PBXBuildFile; fileRef = 9325E2A318ECA20100D076B9 /* MainMenu.xib */; };
		9325E2A718ECA20100D076B9 /* Images.xcassets in Resources */ = {isa = PBXBuildFile; fileRef = 9325E2A618ECA20100D076B9 /* Images.xcassets */; };
		9325E2AE18ECA20100D076B9 /* XCTest.framework in Frameworks */ = {isa = PBXBuildFile; fileRef = 9325E2AD18ECA20100D076B9 /* XCTest.framework */; };
		9325E2AF18ECA20100D076B9 /* Cocoa.framework in Frameworks */ = {isa = PBXBuildFile; fileRef = 9325E28E18ECA20100D076B9 /* Cocoa.framework */; };
		9325E2B718ECA20100D076B9 /* InfoPlist.strings in Resources */ = {isa = PBXBuildFile; fileRef = 9325E2B518ECA20100D076B9 /* InfoPlist.strings */; };
		9325E2B918ECA20100D076B9 /* GhostPost_MacTests.m in Sources */ = {isa = PBXBuildFile; fileRef = 9325E2B818ECA20100D076B9 /* GhostPost_MacTests.m */; };
		933979BA18F3829A00891457 /* JMSMainWindow.m in Sources */ = {isa = PBXBuildFile; fileRef = 933979B818F3829A00891457 /* JMSMainWindow.m */; };
		933979BB18F3829A00891457 /* JMSMainWindowController.xib in Resources */ = {isa = PBXBuildFile; fileRef = 933979B918F3829A00891457 /* JMSMainWindowController.xib */; };
		9398B90A18ECA4830053216A /* CoreData.framework in Frameworks */ = {isa = PBXBuildFile; fileRef = 9325E29218ECA20100D076B9 /* CoreData.framework */; };
		9398B91818ECA52A0053216A /* GhostPostCoreDataModel.xcdatamodeld in Sources */ = {isa = PBXBuildFile; fileRef = 9398B90C18ECA52A0053216A /* GhostPostCoreDataModel.xcdatamodeld */; };
		9398B91918ECA52A0053216A /* JMSEntryStore.m in Sources */ = {isa = PBXBuildFile; fileRef = 9398B90F18ECA52A0053216A /* JMSEntryStore.m */; };
		9398B91A18ECA52A0053216A /* JMSGhostEntry.m in Sources */ = {isa = PBXBuildFile; fileRef = 9398B91118ECA52A0053216A /* JMSGhostEntry.m */; };
		9398B91B18ECA52A0053216A /* JMSManagedObject.m in Sources */ = {isa = PBXBuildFile; fileRef = 9398B91318ECA52A0053216A /* JMSManagedObject.m */; };
		9398B91C18ECA52A0053216A /* JMSManagedObjectContext.m in Sources */ = {isa = PBXBuildFile; fileRef = 9398B91518ECA52A0053216A /* JMSManagedObjectContext.m */; };
		9398B91D18ECA52A0053216A /* JMSSettingsController.m in Sources */ = {isa = PBXBuildFile; fileRef = 9398B91718ECA52A0053216A /* JMSSettingsController.m */; };
/* End PBXBuildFile section */

/* Begin PBXContainerItemProxy section */
		9325E2B018ECA20100D076B9 /* PBXContainerItemProxy */ = {
			isa = PBXContainerItemProxy;
			containerPortal = 9325E28318ECA20100D076B9 /* Project object */;
			proxyType = 1;
			remoteGlobalIDString = 9325E28A18ECA20100D076B9;
			remoteInfo = "GhostPost-Mac";
		};
/* End PBXContainerItemProxy section */

/* Begin PBXFileReference section */
		9325E28B18ECA20100D076B9 /* GhostPost.app */ = {isa = PBXFileReference; explicitFileType = wrapper.application; includeInIndex = 0; path = GhostPost.app; sourceTree = BUILT_PRODUCTS_DIR; };
		9325E28E18ECA20100D076B9 /* Cocoa.framework */ = {isa = PBXFileReference; lastKnownFileType = wrapper.framework; name = Cocoa.framework; path = System/Library/Frameworks/Cocoa.framework; sourceTree = SDKROOT; };
		9325E29118ECA20100D076B9 /* AppKit.framework */ = {isa = PBXFileReference; lastKnownFileType = wrapper.framework; name = AppKit.framework; path = System/Library/Frameworks/AppKit.framework; sourceTree = SDKROOT; };
		9325E29218ECA20100D076B9 /* CoreData.framework */ = {isa = PBXFileReference; lastKnownFileType = wrapper.framework; name = CoreData.framework; path = System/Library/Frameworks/CoreData.framework; sourceTree = SDKROOT; };
		9325E29318ECA20100D076B9 /* Foundation.framework */ = {isa = PBXFileReference; lastKnownFileType = wrapper.framework; name = Foundation.framework; path = System/Library/Frameworks/Foundation.framework; sourceTree = SDKROOT; };
		9325E29618ECA20100D076B9 /* GhostPost-Mac-Info.plist */ = {isa = PBXFileReference; lastKnownFileType = text.plist.xml; path = "GhostPost-Mac-Info.plist"; sourceTree = "<group>"; };
		9325E29818ECA20100D076B9 /* en */ = {isa = PBXFileReference; lastKnownFileType = text.plist.strings; name = en; path = en.lproj/InfoPlist.strings; sourceTree = "<group>"; };
		9325E29A18ECA20100D076B9 /* main.m */ = {isa = PBXFileReference; lastKnownFileType = sourcecode.c.objc; path = main.m; sourceTree = "<group>"; };
		9325E29C18ECA20100D076B9 /* GhostPost-Mac-Prefix.pch */ = {isa = PBXFileReference; lastKnownFileType = sourcecode.c.h; path = "GhostPost-Mac-Prefix.pch"; sourceTree = "<group>"; };
		9325E29E18ECA20100D076B9 /* en */ = {isa = PBXFileReference; lastKnownFileType = text.rtf; name = en; path = en.lproj/Credits.rtf; sourceTree = "<group>"; };
		9325E2A018ECA20100D076B9 /* JMSAppDelegate.h */ = {isa = PBXFileReference; lastKnownFileType = sourcecode.c.h; path = JMSAppDelegate.h; sourceTree = "<group>"; };
		9325E2A118ECA20100D076B9 /* JMSAppDelegate.m */ = {isa = PBXFileReference; lastKnownFileType = sourcecode.c.objc; path = JMSAppDelegate.m; sourceTree = "<group>"; };
		9325E2A418ECA20100D076B9 /* Base */ = {isa = PBXFileReference; lastKnownFileType = file.xib; name = Base; path = Base.lproj/MainMenu.xib; sourceTree = "<group>"; };
		9325E2A618ECA20100D076B9 /* Images.xcassets */ = {isa = PBXFileReference; lastKnownFileType = folder.assetcatalog; path = Images.xcassets; sourceTree = "<group>"; };
		9325E2AC18ECA20100D076B9 /* GhostPost-MacTests.xctest */ = {isa = PBXFileReference; explicitFileType = wrapper.cfbundle; includeInIndex = 0; path = "GhostPost-MacTests.xctest"; sourceTree = BUILT_PRODUCTS_DIR; };
		9325E2AD18ECA20100D076B9 /* XCTest.framework */ = {isa = PBXFileReference; lastKnownFileType = wrapper.framework; name = XCTest.framework; path = Library/Frameworks/XCTest.framework; sourceTree = DEVELOPER_DIR; };
		9325E2B418ECA20100D076B9 /* GhostPost-MacTests-Info.plist */ = {isa = PBXFileReference; lastKnownFileType = text.plist.xml; path = "GhostPost-MacTests-Info.plist"; sourceTree = "<group>"; };
		9325E2B618ECA20100D076B9 /* en */ = {isa = PBXFileReference; lastKnownFileType = text.plist.strings; name = en; path = en.lproj/InfoPlist.strings; sourceTree = "<group>"; };
		9325E2B818ECA20100D076B9 /* GhostPost_MacTests.m */ = {isa = PBXFileReference; lastKnownFileType = sourcecode.c.objc; path = GhostPost_MacTests.m; sourceTree = "<group>"; };
		933979B718F3829A00891457 /* JMSMainWindow.h */ = {isa = PBXFileReference; fileEncoding = 4; lastKnownFileType = sourcecode.c.h; path = JMSMainWindow.h; sourceTree = "<group>"; };
		933979B818F3829A00891457 /* JMSMainWindow.m */ = {isa = PBXFileReference; fileEncoding = 4; lastKnownFileType = sourcecode.c.objc; path = JMSMainWindow.m; sourceTree = "<group>"; };
		933979B918F3829A00891457 /* JMSMainWindowController.xib */ = {isa = PBXFileReference; fileEncoding = 4; lastKnownFileType = file.xib; path = JMSMainWindowController.xib; sourceTree = "<group>"; };
		9398B90D18ECA52A0053216A /* GhostPostCoreDataModel.xcdatamodel */ = {isa = PBXFileReference; lastKnownFileType = wrapper.xcdatamodel; path = GhostPostCoreDataModel.xcdatamodel; sourceTree = "<group>"; };
		9398B90E18ECA52A0053216A /* JMSEntryStore.h */ = {isa = PBXFileReference; fileEncoding = 4; lastKnownFileType = sourcecode.c.h; name = JMSEntryStore.h; path = ../../Shared/JMSEntryStore.h; sourceTree = "<group>"; };
		9398B90F18ECA52A0053216A /* JMSEntryStore.m */ = {isa = PBXFileReference; fileEncoding = 4; lastKnownFileType = sourcecode.c.objc; name = JMSEntryStore.m; path = ../../Shared/JMSEntryStore.m; sourceTree = "<group>"; };
		9398B91018ECA52A0053216A /* JMSGhostEntry.h */ = {isa = PBXFileReference; fileEncoding = 4; lastKnownFileType = sourcecode.c.h; name = JMSGhostEntry.h; path = ../../Shared/JMSGhostEntry.h; sourceTree = "<group>"; };
		9398B91118ECA52A0053216A /* JMSGhostEntry.m */ = {isa = PBXFileReference; fileEncoding = 4; lastKnownFileType = sourcecode.c.objc; name = JMSGhostEntry.m; path = ../../Shared/JMSGhostEntry.m; sourceTree = "<group>"; };
		9398B91218ECA52A0053216A /* JMSManagedObject.h */ = {isa = PBXFileReference; fileEncoding = 4; lastKnownFileType = sourcecode.c.h; name = JMSManagedObject.h; path = ../../Shared/JMSManagedObject.h; sourceTree = "<group>"; };
		9398B91318ECA52A0053216A /* JMSManagedObject.m */ = {isa = PBXFileReference; fileEncoding = 4; lastKnownFileType = sourcecode.c.objc; name = JMSManagedObject.m; path = ../../Shared/JMSManagedObject.m; sourceTree = "<group>"; };
		9398B91418ECA52A0053216A /* JMSManagedObjectContext.h */ = {isa = PBXFileReference; fileEncoding = 4; lastKnownFileType = sourcecode.c.h; name = JMSManagedObjectContext.h; path = ../../Shared/JMSManagedObjectContext.h; sourceTree = "<group>"; };
		9398B91518ECA52A0053216A /* JMSManagedObjectContext.m */ = {isa = PBXFileReference; fileEncoding = 4; lastKnownFileType = sourcecode.c.objc; name = JMSManagedObjectContext.m; path = ../../Shared/JMSManagedObjectContext.m; sourceTree = "<group>"; };
		9398B91618ECA52A0053216A /* JMSSettingsController.h */ = {isa = PBXFileReference; fileEncoding = 4; lastKnownFileType = sourcecode.c.h; name = JMSSettingsController.h; path = ../../Shared/JMSSettingsController.h; sourceTree = "<group>"; };
		9398B91718ECA52A0053216A /* JMSSettingsController.m */ = {isa = PBXFileReference; fileEncoding = 4; lastKnownFileType = sourcecode.c.objc; name = JMSSettingsController.m; path = ../../Shared/JMSSettingsController.m; sourceTree = "<group>"; };
		9398B91E18ECA5400053216A /* GhostPost.entitlements */ = {isa = PBXFileReference; lastKnownFileType = text.xml; name = GhostPost.entitlements; path = ../GhostPost.entitlements; sourceTree = "<group>"; };
/* End PBXFileReference section */

/* Begin PBXFrameworksBuildPhase section */
		9325E28818ECA20100D076B9 /* Frameworks */ = {
			isa = PBXFrameworksBuildPhase;
			buildActionMask = 2147483647;
			files = (
				9398B90A18ECA4830053216A /* CoreData.framework in Frameworks */,
				9325E28F18ECA20100D076B9 /* Cocoa.framework in Frameworks */,
			);
			runOnlyForDeploymentPostprocessing = 0;
		};
		9325E2A918ECA20100D076B9 /* Frameworks */ = {
			isa = PBXFrameworksBuildPhase;
			buildActionMask = 2147483647;
			files = (
				9325E2AF18ECA20100D076B9 /* Cocoa.framework in Frameworks */,
				9325E2AE18ECA20100D076B9 /* XCTest.framework in Frameworks */,
			);
			runOnlyForDeploymentPostprocessing = 0;
		};
/* End PBXFrameworksBuildPhase section */

/* Begin PBXGroup section */
		9325E28218ECA20100D076B9 = {
			isa = PBXGroup;
			children = (
				9325E29418ECA20100D076B9 /* GhostPost-Mac */,
				9325E2B218ECA20100D076B9 /* GhostPost-MacTests */,
				9325E28D18ECA20100D076B9 /* Frameworks */,
				9325E28C18ECA20100D076B9 /* Products */,
			);
			sourceTree = "<group>";
		};
		9325E28C18ECA20100D076B9 /* Products */ = {
			isa = PBXGroup;
			children = (
				9325E28B18ECA20100D076B9 /* GhostPost.app */,
				9325E2AC18ECA20100D076B9 /* GhostPost-MacTests.xctest */,
			);
			name = Products;
			sourceTree = "<group>";
		};
		9325E28D18ECA20100D076B9 /* Frameworks */ = {
			isa = PBXGroup;
			children = (
				9325E28E18ECA20100D076B9 /* Cocoa.framework */,
				9325E2AD18ECA20100D076B9 /* XCTest.framework */,
				9325E29018ECA20100D076B9 /* Other Frameworks */,
			);
			name = Frameworks;
			sourceTree = "<group>";
		};
		9325E29018ECA20100D076B9 /* Other Frameworks */ = {
			isa = PBXGroup;
			children = (
				9325E29118ECA20100D076B9 /* AppKit.framework */,
				9325E29218ECA20100D076B9 /* CoreData.framework */,
				9325E29318ECA20100D076B9 /* Foundation.framework */,
			);
			name = "Other Frameworks";
			sourceTree = "<group>";
		};
		9325E29418ECA20100D076B9 /* GhostPost-Mac */ = {
			isa = PBXGroup;
			children = (
				9325E2A018ECA20100D076B9 /* JMSAppDelegate.h */,
				9325E2A118ECA20100D076B9 /* JMSAppDelegate.m */,
				9325E2A318ECA20100D076B9 /* MainMenu.xib */,
				933979B718F3829A00891457 /* JMSMainWindow.h */,
				933979B818F3829A00891457 /* JMSMainWindow.m */,
				933979B918F3829A00891457 /* JMSMainWindowController.xib */,
				9325E2A618ECA20100D076B9 /* Images.xcassets */,
				9398B90B18ECA5170053216A /* Model */,
				9325E29518ECA20100D076B9 /* Supporting Files */,
			);
			path = "GhostPost-Mac";
			sourceTree = "<group>";
		};
		9325E29518ECA20100D076B9 /* Supporting Files */ = {
			isa = PBXGroup;
			children = (
				9398B91E18ECA5400053216A /* GhostPost.entitlements */,
				9325E29618ECA20100D076B9 /* GhostPost-Mac-Info.plist */,
				9325E29718ECA20100D076B9 /* InfoPlist.strings */,
				9325E29A18ECA20100D076B9 /* main.m */,
				9325E29C18ECA20100D076B9 /* GhostPost-Mac-Prefix.pch */,
				9325E29D18ECA20100D076B9 /* Credits.rtf */,
			);
			name = "Supporting Files";
			sourceTree = "<group>";
		};
		9325E2B218ECA20100D076B9 /* GhostPost-MacTests */ = {
			isa = PBXGroup;
			children = (
				9325E2B818ECA20100D076B9 /* GhostPost_MacTests.m */,
				9325E2B318ECA20100D076B9 /* Supporting Files */,
			);
			path = "GhostPost-MacTests";
			sourceTree = "<group>";
		};
		9325E2B318ECA20100D076B9 /* Supporting Files */ = {
			isa = PBXGroup;
			children = (
				9325E2B418ECA20100D076B9 /* GhostPost-MacTests-Info.plist */,
				9325E2B518ECA20100D076B9 /* InfoPlist.strings */,
			);
			name = "Supporting Files";
			sourceTree = "<group>";
		};
		9398B90B18ECA5170053216A /* Model */ = {
			isa = PBXGroup;
			children = (
				9398B90C18ECA52A0053216A /* GhostPostCoreDataModel.xcdatamodeld */,
				9398B90E18ECA52A0053216A /* JMSEntryStore.h */,
				9398B90F18ECA52A0053216A /* JMSEntryStore.m */,
				9398B91018ECA52A0053216A /* JMSGhostEntry.h */,
				9398B91118ECA52A0053216A /* JMSGhostEntry.m */,
				9398B91218ECA52A0053216A /* JMSManagedObject.h */,
				9398B91318ECA52A0053216A /* JMSManagedObject.m */,
				9398B91418ECA52A0053216A /* JMSManagedObjectContext.h */,
				9398B91518ECA52A0053216A /* JMSManagedObjectContext.m */,
				9398B91618ECA52A0053216A /* JMSSettingsController.h */,
				9398B91718ECA52A0053216A /* JMSSettingsController.m */,
			);
			name = Model;
			sourceTree = "<group>";
		};
/* End PBXGroup section */

/* Begin PBXNativeTarget section */
		9325E28A18ECA20100D076B9 /* GhostPost */ = {
			isa = PBXNativeTarget;
			buildConfigurationList = 9325E2BC18ECA20100D076B9 /* Build configuration list for PBXNativeTarget "GhostPost" */;
			buildPhases = (
				9325E28718ECA20100D076B9 /* Sources */,
				9325E28818ECA20100D076B9 /* Frameworks */,
				9325E28918ECA20100D076B9 /* Resources */,
			);
			buildRules = (
			);
			dependencies = (
			);
			name = GhostPost;
			productName = "GhostPost-Mac";
			productReference = 9325E28B18ECA20100D076B9 /* GhostPost.app */;
			productType = "com.apple.product-type.application";
		};
		9325E2AB18ECA20100D076B9 /* GhostPost-MacTests */ = {
			isa = PBXNativeTarget;
			buildConfigurationList = 9325E2BF18ECA20100D076B9 /* Build configuration list for PBXNativeTarget "GhostPost-MacTests" */;
			buildPhases = (
				9325E2A818ECA20100D076B9 /* Sources */,
				9325E2A918ECA20100D076B9 /* Frameworks */,
				9325E2AA18ECA20100D076B9 /* Resources */,
			);
			buildRules = (
			);
			dependencies = (
				9325E2B118ECA20100D076B9 /* PBXTargetDependency */,
			);
			name = "GhostPost-MacTests";
			productName = "GhostPost-MacTests";
			productReference = 9325E2AC18ECA20100D076B9 /* GhostPost-MacTests.xctest */;
			productType = "com.apple.product-type.bundle.unit-test";
		};
/* End PBXNativeTarget section */

/* Begin PBXProject section */
		9325E28318ECA20100D076B9 /* Project object */ = {
			isa = PBXProject;
			attributes = {
				CLASSPREFIX = JMS;
				LastUpgradeCheck = 0510;
				ORGANIZATIONNAME = jsorge;
				TargetAttributes = {
					9325E28A18ECA20100D076B9 = {
						DevelopmentTeam = 49LQXRW3X4;
						SystemCapabilities = {
							com.apple.iCloud = {
								enabled = 1;
							};
						};
					};
					9325E2AB18ECA20100D076B9 = {
						TestTargetID = 9325E28A18ECA20100D076B9;
					};
				};
			};
			buildConfigurationList = 9325E28618ECA20100D076B9 /* Build configuration list for PBXProject "GhostPost-Mac" */;
			compatibilityVersion = "Xcode 3.2";
			developmentRegion = English;
			hasScannedForEncodings = 0;
			knownRegions = (
				en,
				Base,
			);
			mainGroup = 9325E28218ECA20100D076B9;
			productRefGroup = 9325E28C18ECA20100D076B9 /* Products */;
			projectDirPath = "";
			projectRoot = "";
			targets = (
				9325E28A18ECA20100D076B9 /* GhostPost */,
				9325E2AB18ECA20100D076B9 /* GhostPost-MacTests */,
			);
		};
/* End PBXProject section */

/* Begin PBXResourcesBuildPhase section */
		9325E28918ECA20100D076B9 /* Resources */ = {
			isa = PBXResourcesBuildPhase;
			buildActionMask = 2147483647;
			files = (
				9325E29918ECA20100D076B9 /* InfoPlist.strings in Resources */,
				9325E2A718ECA20100D076B9 /* Images.xcassets in Resources */,
				933979BB18F3829A00891457 /* JMSMainWindowController.xib in Resources */,
				9325E29F18ECA20100D076B9 /* Credits.rtf in Resources */,
				9325E2A518ECA20100D076B9 /* MainMenu.xib in Resources */,
			);
			runOnlyForDeploymentPostprocessing = 0;
		};
		9325E2AA18ECA20100D076B9 /* Resources */ = {
			isa = PBXResourcesBuildPhase;
			buildActionMask = 2147483647;
			files = (
				9325E2B718ECA20100D076B9 /* InfoPlist.strings in Resources */,
			);
			runOnlyForDeploymentPostprocessing = 0;
		};
/* End PBXResourcesBuildPhase section */

/* Begin PBXSourcesBuildPhase section */
		9325E28718ECA20100D076B9 /* Sources */ = {
			isa = PBXSourcesBuildPhase;
			buildActionMask = 2147483647;
			files = (
				9398B91C18ECA52A0053216A /* JMSManagedObjectContext.m in Sources */,
				9398B91D18ECA52A0053216A /* JMSSettingsController.m in Sources */,
				9325E29B18ECA20100D076B9 /* main.m in Sources */,
				9325E2A218ECA20100D076B9 /* JMSAppDelegate.m in Sources */,
				9398B91818ECA52A0053216A /* GhostPostCoreDataModel.xcdatamodeld in Sources */,
				933979BA18F3829A00891457 /* JMSMainWindow.m in Sources */,
				9398B91B18ECA52A0053216A /* JMSManagedObject.m in Sources */,
				9398B91918ECA52A0053216A /* JMSEntryStore.m in Sources */,
				9398B91A18ECA52A0053216A /* JMSGhostEntry.m in Sources */,
			);
			runOnlyForDeploymentPostprocessing = 0;
		};
		9325E2A818ECA20100D076B9 /* Sources */ = {
			isa = PBXSourcesBuildPhase;
			buildActionMask = 2147483647;
			files = (
				9325E2B918ECA20100D076B9 /* GhostPost_MacTests.m in Sources */,
			);
			runOnlyForDeploymentPostprocessing = 0;
		};
/* End PBXSourcesBuildPhase section */

/* Begin PBXTargetDependency section */
		9325E2B118ECA20100D076B9 /* PBXTargetDependency */ = {
			isa = PBXTargetDependency;
			target = 9325E28A18ECA20100D076B9 /* GhostPost */;
			targetProxy = 9325E2B018ECA20100D076B9 /* PBXContainerItemProxy */;
		};
/* End PBXTargetDependency section */

/* Begin PBXVariantGroup section */
		9325E29718ECA20100D076B9 /* InfoPlist.strings */ = {
			isa = PBXVariantGroup;
			children = (
				9325E29818ECA20100D076B9 /* en */,
			);
			name = InfoPlist.strings;
			sourceTree = "<group>";
		};
		9325E29D18ECA20100D076B9 /* Credits.rtf */ = {
			isa = PBXVariantGroup;
			children = (
				9325E29E18ECA20100D076B9 /* en */,
			);
			name = Credits.rtf;
			sourceTree = "<group>";
		};
		9325E2A318ECA20100D076B9 /* MainMenu.xib */ = {
			isa = PBXVariantGroup;
			children = (
				9325E2A418ECA20100D076B9 /* Base */,
			);
			name = MainMenu.xib;
			sourceTree = "<group>";
		};
		9325E2B518ECA20100D076B9 /* InfoPlist.strings */ = {
			isa = PBXVariantGroup;
			children = (
				9325E2B618ECA20100D076B9 /* en */,
			);
			name = InfoPlist.strings;
			sourceTree = "<group>";
		};
/* End PBXVariantGroup section */

/* Begin XCBuildConfiguration section */
		9325E2BA18ECA20100D076B9 /* Debug */ = {
			isa = XCBuildConfiguration;
			buildSettings = {
				ALWAYS_SEARCH_USER_PATHS = NO;
				CLANG_CXX_LANGUAGE_STANDARD = "gnu++0x";
				CLANG_CXX_LIBRARY = "libc++";
				CLANG_ENABLE_MODULES = YES;
				CLANG_ENABLE_OBJC_ARC = YES;
				CLANG_WARN_BOOL_CONVERSION = YES;
				CLANG_WARN_CONSTANT_CONVERSION = YES;
				CLANG_WARN_DIRECT_OBJC_ISA_USAGE = YES_ERROR;
				CLANG_WARN_EMPTY_BODY = YES;
				CLANG_WARN_ENUM_CONVERSION = YES;
				CLANG_WARN_INT_CONVERSION = YES;
				CLANG_WARN_OBJC_ROOT_CLASS = YES_ERROR;
				CLANG_WARN__DUPLICATE_METHOD_MATCH = YES;
				COPY_PHASE_STRIP = NO;
				GCC_C_LANGUAGE_STANDARD = gnu99;
				GCC_DYNAMIC_NO_PIC = NO;
				GCC_ENABLE_OBJC_EXCEPTIONS = YES;
				GCC_OPTIMIZATION_LEVEL = 0;
				GCC_PREPROCESSOR_DEFINITIONS = (
					"DEBUG=1",
					"$(inherited)",
				);
				GCC_SYMBOLS_PRIVATE_EXTERN = NO;
				GCC_WARN_64_TO_32_BIT_CONVERSION = YES;
				GCC_WARN_ABOUT_RETURN_TYPE = YES_ERROR;
				GCC_WARN_UNDECLARED_SELECTOR = YES;
				GCC_WARN_UNINITIALIZED_AUTOS = YES_AGGRESSIVE;
				GCC_WARN_UNUSED_FUNCTION = YES;
				GCC_WARN_UNUSED_VARIABLE = YES;
				MACOSX_DEPLOYMENT_TARGET = 10.9;
				ONLY_ACTIVE_ARCH = YES;
				SDKROOT = macosx;
			};
			name = Debug;
		};
		9325E2BB18ECA20100D076B9 /* Release */ = {
			isa = XCBuildConfiguration;
			buildSettings = {
				ALWAYS_SEARCH_USER_PATHS = NO;
				CLANG_CXX_LANGUAGE_STANDARD = "gnu++0x";
				CLANG_CXX_LIBRARY = "libc++";
				CLANG_ENABLE_MODULES = YES;
				CLANG_ENABLE_OBJC_ARC = YES;
				CLANG_WARN_BOOL_CONVERSION = YES;
				CLANG_WARN_CONSTANT_CONVERSION = YES;
				CLANG_WARN_DIRECT_OBJC_ISA_USAGE = YES_ERROR;
				CLANG_WARN_EMPTY_BODY = YES;
				CLANG_WARN_ENUM_CONVERSION = YES;
				CLANG_WARN_INT_CONVERSION = YES;
				CLANG_WARN_OBJC_ROOT_CLASS = YES_ERROR;
				CLANG_WARN__DUPLICATE_METHOD_MATCH = YES;
				COPY_PHASE_STRIP = YES;
				DEBUG_INFORMATION_FORMAT = "dwarf-with-dsym";
				ENABLE_NS_ASSERTIONS = NO;
				GCC_C_LANGUAGE_STANDARD = gnu99;
				GCC_ENABLE_OBJC_EXCEPTIONS = YES;
				GCC_WARN_64_TO_32_BIT_CONVERSION = YES;
				GCC_WARN_ABOUT_RETURN_TYPE = YES_ERROR;
				GCC_WARN_UNDECLARED_SELECTOR = YES;
				GCC_WARN_UNINITIALIZED_AUTOS = YES_AGGRESSIVE;
				GCC_WARN_UNUSED_FUNCTION = YES;
				GCC_WARN_UNUSED_VARIABLE = YES;
				MACOSX_DEPLOYMENT_TARGET = 10.9;
				SDKROOT = macosx;
			};
			name = Release;
		};
		9325E2BD18ECA20100D076B9 /* Debug */ = {
			isa = XCBuildConfiguration;
			buildSettings = {
				ASSETCATALOG_COMPILER_APPICON_NAME = AppIcon;
				CODE_SIGN_ENTITLEMENTS = GhostPost.entitlements;
				CODE_SIGN_IDENTITY = "Mac Developer";
				"CODE_SIGN_IDENTITY[sdk=macosx*]" = "Mac Developer";
				COMBINE_HIDPI_IMAGES = YES;
				GCC_PRECOMPILE_PREFIX_HEADER = YES;
				GCC_PREFIX_HEADER = "GhostPost-Mac/GhostPost-Mac-Prefix.pch";
				INFOPLIST_FILE = "GhostPost-Mac/GhostPost-Mac-Info.plist";
				PRODUCT_NAME = "$(TARGET_NAME)";
				PROVISIONING_PROFILE = "";
				WRAPPER_EXTENSION = app;
			};
			name = Debug;
		};
		9325E2BE18ECA20100D076B9 /* Release */ = {
			isa = XCBuildConfiguration;
			buildSettings = {
				ASSETCATALOG_COMPILER_APPICON_NAME = AppIcon;
				CODE_SIGN_ENTITLEMENTS = GhostPost.entitlements;
				CODE_SIGN_IDENTITY = "Mac Developer";
				"CODE_SIGN_IDENTITY[sdk=macosx*]" = "Mac Developer";
				COMBINE_HIDPI_IMAGES = YES;
				GCC_PRECOMPILE_PREFIX_HEADER = YES;
				GCC_PREFIX_HEADER = "GhostPost-Mac/GhostPost-Mac-Prefix.pch";
				INFOPLIST_FILE = "GhostPost-Mac/GhostPost-Mac-Info.plist";
				PRODUCT_NAME = "$(TARGET_NAME)";
				PROVISIONING_PROFILE = "";
				WRAPPER_EXTENSION = app;
			};
			name = Release;
		};
		9325E2C018ECA20100D076B9 /* Debug */ = {
			isa = XCBuildConfiguration;
			buildSettings = {
				BUNDLE_LOADER = "$(BUILT_PRODUCTS_DIR)/GhostPost-Mac.app/Contents/MacOS/GhostPost-Mac";
				COMBINE_HIDPI_IMAGES = YES;
				FRAMEWORK_SEARCH_PATHS = (
					"$(DEVELOPER_FRAMEWORKS_DIR)",
					"$(inherited)",
				);
				GCC_PRECOMPILE_PREFIX_HEADER = YES;
				GCC_PREFIX_HEADER = "GhostPost-Mac/GhostPost-Mac-Prefix.pch";
				GCC_PREPROCESSOR_DEFINITIONS = (
					"DEBUG=1",
					"$(inherited)",
				);
				INFOPLIST_FILE = "GhostPost-MacTests/GhostPost-MacTests-Info.plist";
				PRODUCT_NAME = "$(TARGET_NAME)";
				TEST_HOST = "$(BUNDLE_LOADER)";
				WRAPPER_EXTENSION = xctest;
			};
			name = Debug;
		};
		9325E2C118ECA20100D076B9 /* Release */ = {
			isa = XCBuildConfiguration;
			buildSettings = {
				BUNDLE_LOADER = "$(BUILT_PRODUCTS_DIR)/GhostPost-Mac.app/Contents/MacOS/GhostPost-Mac";
				COMBINE_HIDPI_IMAGES = YES;
				FRAMEWORK_SEARCH_PATHS = (
					"$(DEVELOPER_FRAMEWORKS_DIR)",
					"$(inherited)",
				);
				GCC_PRECOMPILE_PREFIX_HEADER = YES;
				GCC_PREFIX_HEADER = "GhostPost-Mac/GhostPost-Mac-Prefix.pch";
				INFOPLIST_FILE = "GhostPost-MacTests/GhostPost-MacTests-Info.plist";
				PRODUCT_NAME = "$(TARGET_NAME)";
				TEST_HOST = "$(BUNDLE_LOADER)";
				WRAPPER_EXTENSION = xctest;
			};
			name = Release;
		};
/* End XCBuildConfiguration section */

/* Begin XCConfigurationList section */
		9325E28618ECA20100D076B9 /* Build configuration list for PBXProject "GhostPost-Mac" */ = {
			isa = XCConfigurationList;
			buildConfigurations = (
				9325E2BA18ECA20100D076B9 /* Debug */,
				9325E2BB18ECA20100D076B9 /* Release */,
			);
			defaultConfigurationIsVisible = 0;
			defaultConfigurationName = Release;
		};
		9325E2BC18ECA20100D076B9 /* Build configuration list for PBXNativeTarget "GhostPost" */ = {
			isa = XCConfigurationList;
			buildConfigurations = (
				9325E2BD18ECA20100D076B9 /* Debug */,
				9325E2BE18ECA20100D076B9 /* Release */,
			);
			defaultConfigurationIsVisible = 0;
			defaultConfigurationName = Release;
		};
		9325E2BF18ECA20100D076B9 /* Build configuration list for PBXNativeTarget "GhostPost-MacTests" */ = {
			isa = XCConfigurationList;
			buildConfigurations = (
				9325E2C018ECA20100D076B9 /* Debug */,
				9325E2C118ECA20100D076B9 /* Release */,
			);
			defaultConfigurationIsVisible = 0;
			defaultConfigurationName = Release;
		};
/* End XCConfigurationList section */

/* Begin XCVersionGroup section */
		9398B90C18ECA52A0053216A /* GhostPostCoreDataModel.xcdatamodeld */ = {
			isa = XCVersionGroup;
			children = (
				9398B90D18ECA52A0053216A /* GhostPostCoreDataModel.xcdatamodel */,
			);
			currentVersion = 9398B90D18ECA52A0053216A /* GhostPostCoreDataModel.xcdatamodel */;
			name = GhostPostCoreDataModel.xcdatamodeld;
			path = ../../Shared/GhostPostCoreDataModel.xcdatamodeld;
			sourceTree = "<group>";
			versionGroupType = wrapper.xcdatamodel;
		};
/* End XCVersionGroup section */
	};
	rootObject = 9325E28318ECA20100D076B9 /* Project object */;
}
